
Microsoft Visual Studio Solution File, Format Version 12.00
# Visual Studio Version 17
VisualStudioVersion = 17.7.34202.233
MinimumVisualStudioVersion = 10.0.40219.1
Project("{F184B08F-C81C-45F6-A57F-5ABD9991F28F}") = "ATMConsole", "ATMConsole\ATMConsole.vbproj", "{72CAC624-5A69-4472-BE0E-3419823C97EE}"
EndProject
Global
	GlobalSection(SolutionConfigurationPlatforms) = preSolution
		Debug|Any CPU = Debug|Any CPU
		Release|Any CPU = Release|Any CPU
	EndGlobalSection
	GlobalSection(ProjectConfigurationPlatforms) = postSolution
		{72CAC624-5A69-4472-BE0E-3419823C97EE}.Debug|Any CPU.ActiveCfg = Debug|Any CPU
		{72CAC624-5A69-4472-BE0E-3419823C97EE}.Debug|Any CPU.Build.0 = Debug|Any CPU
		{72CAC624-5A69-4472-BE0E-3419823C97EE}.Release|Any CPU.ActiveCfg = Release|Any CPU
		{72CAC624-5A69-4472-BE0E-3419823C97EE}.Release|Any CPU.Build.0 = Release|Any CPU
	EndGlobalSection
	GlobalSection(SolutionProperties) = preSolution
		HideSolutionNode = FALSE
	EndGlobalSection
	GlobalSection(ExtensibilityGlobals) = postSolution
		SolutionGuid = {F0C33168-EA0C-44E1-96A1-29D18DF9E01B}
	EndGlobalSection
EndGlobal
